<?xml version="1.0" encoding="utf-8"?>
<Project ToolsVersion="4.0" xmlns="http://schemas.microsoft.com/developer/msbuild/2003">
  <ItemGroup>
    <Filter Include="Source Files">
      <UniqueIdentifier>{4FC737F1-C7A5-4376-A066-2A32D752A2FF}</UniqueIdentifier>
      <Extensions>cpp;c;cc;cxx;def;odl;idl;hpj;bat;asm;asmx</Extensions>
    </Filter>
    <Filter Include="Header Files">
      <UniqueIdentifier>{93995380-89BD-4b04-88EB-625FBE52EBFB}</UniqueIdentifier>
      <Extensions>h;hh;hpp;hxx;hm;inl;inc;xsd</Extensions>
    </Filter>
    <Filter Include="Resource Files">
      <UniqueIdentifier>{67DA6AB6-F800-4c08-8B7A-83BB121AAD01}</UniqueIdentifier>
      <Extensions>rc;ico;cur;bmp;dlg;rc2;rct;bin;rgs;gif;jpg;jpeg;jpe;resx;tiff;tif;png;wav;mfcribbon-ms</Extensions>
    </Filter>
    <Filter Include="Source Files\Common">
      <UniqueIdentifier>{827e363e-e289-4b18-b559-d9e92b005396}</UniqueIdentifier>
    </Filter>
    <Filter Include="Header Files\Common">
      <UniqueIdentifier>{24625fb1-10d8-40a3-9702-21ae188d2135}</UniqueIdentifier>
    </Filter>
    <Filter Include="Header Files\Input">
      <UniqueIdentifier>{eaa4e2db-056a-4a36-8115-3daee9357886}</UniqueIdentifier>
    </Filter>
    <Filter Include="Source Files\Input">
      <UniqueIdentifier>{c649eaa3-f4da-4ae5-83c9-c122834530e8}</UniqueIdentifier>
    </Filter>
  </ItemGroup>
  <ItemGroup>
    <ClCompile Include="BlendApp.cpp">
      <Filter>Source Files</Filter>
    </ClCompile>
    <ClCompile Include="FrameResource.cpp">
      <Filter>Source Files</Filter>
    </ClCompile>
    <ClCompile Include="Waves.cpp">
      <Filter>Source Files</Filter>
    </ClCompile>
    <ClCompile Include="GpuWaves.cpp">
      <Filter>Source Files</Filter>
    </ClCompile>
    <ClCompile Include="GpuExercise.cpp">
      <Filter>Source Files</Filter>
    </ClCompile>
    <ClCompile Include="GpuSobel.cpp">
      <Filter>Source Files</Filter>
    </ClCompile>
    <ClCompile Include="..\Common\Camera.cpp">
      <Filter>Source Files\Common</Filter>
    </ClCompile>
    <ClCompile Include="..\Common\d3dApp.cpp">
      <Filter>Source Files\Common</Filter>
    </ClCompile>
    <ClCompile Include="..\Common\d3dUtil.cpp">
      <Filter>Source Files\Common</Filter>
    </ClCompile>
    <ClCompile Include="..\Common\DDSTextureLoader.cpp">
      <Filter>Source Files\Common</Filter>
    </ClCompile>
    <ClCompile Include="..\Common\GameTimer.cpp">
      <Filter>Source Files\Common</Filter>
    </ClCompile>
    <ClCompile Include="..\Common\GeometryGenerator.cpp">
      <Filter>Source Files\Common</Filter>
    </ClCompile>
    <ClCompile Include="..\Common\MathHelper.cpp">
      <Filter>Source Files\Common</Filter>
    </ClCompile>
    <ClCompile Include="InputManager.cpp">
      <Filter>Source Files\Input</Filter>
    </ClCompile>
    <ClCompile Include="InputProcessor.cpp">
      <Filter>Source Files\Input</Filter>
    </ClCompile>
  </ItemGroup>
  <ItemGroup>
    <ClInclude Include="FrameResource.h">
      <Filter>Header Files</Filter>
    </ClInclude>
    <ClInclude Include="Waves.h">
      <Filter>Header Files</Filter>
    </ClInclude>
    <ClInclude Include="GpuWaves.h">
      <Filter>Header Files</Filter>
    </ClInclude>
    <ClInclude Include="GpuExercise.h">
      <Filter>Header Files</Filter>
    </ClInclude>
    <ClInclude Include="GpuSobel.h">
      <Filter>Header Files</Filter>
    </ClInclude>
    <ClInclude Include="..\Common\Camera.h">
      <Filter>Header Files\Common</Filter>
    </ClInclude>
    <ClInclude Include="..\Common\d3dApp.h">
      <Filter>Header Files\Common</Filter>
    </ClInclude>
    <ClInclude Include="..\Common\d3dUtil.h">
      <Filter>Header Files\Common</Filter>
    </ClInclude>
    <ClInclude Include="..\Common\d3dx12.h">
      <Filter>Header Files\Common</Filter>
    </ClInclude>
    <ClInclude Include="..\Common\DDSTextureLoader.h">
      <Filter>Header Files\Common</Filter>
    </ClInclude>
    <ClInclude Include="..\Common\GameTimer.h">
      <Filter>Header Files\Common</Filter>
    </ClInclude>
    <ClInclude Include="..\Common\GeometryGenerator.h">
      <Filter>Header Files\Common</Filter>
    </ClInclude>
    <ClInclude Include="..\Common\MathHelper.h">
      <Filter>Header Files\Common</Filter>
    </ClInclude>
    <ClInclude Include="..\Common\OBJ_Loader.h">
      <Filter>Header Files\Common</Filter>
    </ClInclude>
    <ClInclude Include="..\Common\UploadBuffer.h">
      <Filter>Header Files\Common</Filter>
    </ClInclude>
    <ClInclude Include="InputManager.h">
      <Filter>Header Files\Input</Filter>
    </ClInclude>
    <ClInclude Include="IInputManager.h">
      <Filter>Header Files\Input</Filter>
    </ClInclude>
    <ClInclude Include="InputProcessor.h">
      <Filter>Header Files\Input</Filter>
    </ClInclude>
    <ClInclude Include="DigitalInputProcessor.h">
      <Filter>Header Files\Input</Filter>
    </ClInclude>
    <ClInclude Include="AnalogInputProcessor.h">
      <Filter>Header Files\Input</Filter>
    </ClInclude>
  </ItemGroup>
</Project>